
Microsoft Visual Studio Solution File, Format Version 12.00
# Visual Studio 15
VisualStudioVersion = 15.0.28307.136
MinimumVisualStudioVersion = 10.0.40219.1
Project("{2150E333-8FDC-42A3-9474-1A3956D46DE8}") = "1 - Data", "1 - Data", "{120ACDB4-E6A7-401D-B293-999D7F68E112}"
EndProject
Project("{2150E333-8FDC-42A3-9474-1A3956D46DE8}") = "3 - Business", "3 - Business", "{B93D1898-0DB0-483D-9EC6-D0B0529A4C2A}"
EndProject
Project("{2150E333-8FDC-42A3-9474-1A3956D46DE8}") = "5 - Presentation", "5 - Presentation", "{1CC66653-8803-40C2-BC83-535173DE38F0}"
EndProject
Project("{FAE04EC0-301F-11D3-BF4B-00C04F79EFBC}") = "CrudComMVVM.Data", "CrudComMVVM.Data\CrudComMVVM.Data.csproj", "{2CF9BD97-BBEB-40D4-9E9D-A157BE5253F4}"
EndProject
Project("{FAE04EC0-301F-11D3-BF4B-00C04F79EFBC}") = "CrudComMVVM.Business", "CrudComMVVM.Business\CrudComMVVM.Business.csproj", "{8A28EC20-0726-4946-AA36-9B75682A25C3}"
EndProject
Project("{FAE04EC0-301F-11D3-BF4B-00C04F79EFBC}") = "CrudComMVVM.Business.Components", "CrudComMVVM.Business.Components\CrudComMVVM.Business.Components.csproj", "{B3EA3B72-BFD5-40CB-B5EE-72425CF31868}"
EndProject
Project("{FAE04EC0-301F-11D3-BF4B-00C04F79EFBC}") = "CrudComMVVM.DesktopWFP", "CrudComMVVM.DesktopWFP\CrudComMVVM.DesktopWFP.csproj", "{40BA0E48-E012-4FA8-A0BB-A6A1811FE3D2}"
EndProject
Project("{2150E333-8FDC-42A3-9474-1A3956D46DE8}") = "0 - Core", "0 - Core", "{4C4B0313-845E-4E6C-BB94-34603F1FE326}"
EndProject
Project("{FAE04EC0-301F-11D3-BF4B-00C04F79EFBC}") = "CrudComMVVM.Core", "CrudComMVVM.Core\CrudComMVVM.Core.csproj", "{F8822399-819D-42B9-B767-4EB948E55434}"
EndProject
Global
	GlobalSection(SolutionConfigurationPlatforms) = preSolution
		Debug|Any CPU = Debug|Any CPU
		Release|Any CPU = Release|Any CPU
	EndGlobalSection
	GlobalSection(ProjectConfigurationPlatforms) = postSolution
		{2CF9BD97-BBEB-40D4-9E9D-A157BE5253F4}.Debug|Any CPU.ActiveCfg = Debug|Any CPU
		{2CF9BD97-BBEB-40D4-9E9D-A157BE5253F4}.Debug|Any CPU.Build.0 = Debug|Any CPU
		{2CF9BD97-BBEB-40D4-9E9D-A157BE5253F4}.Release|Any CPU.ActiveCfg = Release|Any CPU
		{2CF9BD97-BBEB-40D4-9E9D-A157BE5253F4}.Release|Any CPU.Build.0 = Release|Any CPU
		{8A28EC20-0726-4946-AA36-9B75682A25C3}.Debug|Any CPU.ActiveCfg = Debug|Any CPU
		{8A28EC20-0726-4946-AA36-9B75682A25C3}.Debug|Any CPU.Build.0 = Debug|Any CPU
		{8A28EC20-0726-4946-AA36-9B75682A25C3}.Release|Any CPU.ActiveCfg = Release|Any CPU
		{8A28EC20-0726-4946-AA36-9B75682A25C3}.Release|Any CPU.Build.0 = Release|Any CPU
		{B3EA3B72-BFD5-40CB-B5EE-72425CF31868}.Debug|Any CPU.ActiveCfg = Debug|Any CPU
		{B3EA3B72-BFD5-40CB-B5EE-72425CF31868}.Debug|Any CPU.Build.0 = Debug|Any CPU
		{B3EA3B72-BFD5-40CB-B5EE-72425CF31868}.Release|Any CPU.ActiveCfg = Release|Any CPU
		{B3EA3B72-BFD5-40CB-B5EE-72425CF31868}.Release|Any CPU.Build.0 = Release|Any CPU
		{40BA0E48-E012-4FA8-A0BB-A6A1811FE3D2}.Debug|Any CPU.ActiveCfg = Debug|Any CPU
		{40BA0E48-E012-4FA8-A0BB-A6A1811FE3D2}.Debug|Any CPU.Build.0 = Debug|Any CPU
		{40BA0E48-E012-4FA8-A0BB-A6A1811FE3D2}.Release|Any CPU.ActiveCfg = Release|Any CPU
		{40BA0E48-E012-4FA8-A0BB-A6A1811FE3D2}.Release|Any CPU.Build.0 = Release|Any CPU
		{F8822399-819D-42B9-B767-4EB948E55434}.Debug|Any CPU.ActiveCfg = Debug|Any CPU
		{F8822399-819D-42B9-B767-4EB948E55434}.Debug|Any CPU.Build.0 = Debug|Any CPU
		{F8822399-819D-42B9-B767-4EB948E55434}.Release|Any CPU.ActiveCfg = Release|Any CPU
		{F8822399-819D-42B9-B767-4EB948E55434}.Release|Any CPU.Build.0 = Release|Any CPU
	EndGlobalSection
	GlobalSection(SolutionProperties) = preSolution
		HideSolutionNode = FALSE
	EndGlobalSection
	GlobalSection(NestedProjects) = preSolution
		{2CF9BD97-BBEB-40D4-9E9D-A157BE5253F4} = {120ACDB4-E6A7-401D-B293-999D7F68E112}
		{8A28EC20-0726-4946-AA36-9B75682A25C3} = {B93D1898-0DB0-483D-9EC6-D0B0529A4C2A}
		{B3EA3B72-BFD5-40CB-B5EE-72425CF31868} = {B93D1898-0DB0-483D-9EC6-D0B0529A4C2A}
		{40BA0E48-E012-4FA8-A0BB-A6A1811FE3D2} = {1CC66653-8803-40C2-BC83-535173DE38F0}
		{F8822399-819D-42B9-B767-4EB948E55434} = {4C4B0313-845E-4E6C-BB94-34603F1FE326}
	EndGlobalSection
	GlobalSection(ExtensibilityGlobals) = postSolution
		SolutionGuid = {60701872-0B06-4CA0-A1F7-6946FD058C22}
	EndGlobalSection
EndGlobal
